
Microsoft Visual Studio Solution File, Format Version 12.00
# Visual Studio Version 17
VisualStudioVersion = 17.0.31903.59
MinimumVisualStudioVersion = 10.0.40219.1
Project("{FAE04EC0-301F-11D3-BF4B-00C04F79EFBC}") = "SkysApi220202", "SkysApi220202\SkysApi220202.csproj", "{02D577DD-7A5D-45EF-A25C-8ED5F54EE187}"
EndProject
Global
	GlobalSection(SolutionConfigurationPlatforms) = preSolution
		Debug|Any CPU = Debug|Any CPU
		Release|Any CPU = Release|Any CPU
	EndGlobalSection
	GlobalSection(ProjectConfigurationPlatforms) = postSolution
		{02D577DD-7A5D-45EF-A25C-8ED5F54EE187}.Debug|Any CPU.ActiveCfg = Debug|Any CPU
		{02D577DD-7A5D-45EF-A25C-8ED5F54EE187}.Debug|Any CPU.Build.0 = Debug|Any CPU
		{02D577DD-7A5D-45EF-A25C-8ED5F54EE187}.Release|Any CPU.ActiveCfg = Release|Any CPU
		{02D577DD-7A5D-45EF-A25C-8ED5F54EE187}.Release|Any CPU.Build.0 = Release|Any CPU
	EndGlobalSection
	GlobalSection(SolutionProperties) = preSolution
		HideSolutionNode = FALSE
	EndGlobalSection
	GlobalSection(ExtensibilityGlobals) = postSolution
		SolutionGuid = {820335A9-E8C6-4BAF-A4A1-861702B034F4}
	EndGlobalSection
EndGlobal
